{
  "name": "nomad.expert",
  "lockfileVersion": 2,
  "requires": true,
  "packages": {
    "": {
      "dependencies": {
        "i18n-iso-countries": "^6.4.0"
      }
    },
    "node_modules/diacritics": {
      "version": "1.3.0",
      "resolved": "https://registry.npmjs.org/diacritics/-/diacritics-1.3.0.tgz",
      "integrity": "sha1-PvqHMj67hj5mls67AILUj/PW96E="
    },
    "node_modules/i18n-iso-countries": {
      "version": "6.4.0",
      "resolved": "https://registry.npmjs.org/i18n-iso-countries/-/i18n-iso-countries-6.4.0.tgz",
      "integrity": "sha512-OTDUJq0OqCP+rXnWksTbMDsTE3ZGj92h8GCqIxxZM0eNtdkLVgd5c27q6C6uaZQHy0H/Vskyyx9ieMBBJCMdPw==",
      "dependencies": {
        "diacritics": "1.3.0"
      },
      "engines": {
        "node": ">= 10"
      }
    }
  },
  "dependencies": {
    "diacritics": {
      "version": "1.3.0",
      "resolved": "https://registry.npmjs.org/diacritics/-/diacritics-1.3.0.tgz",
      "integrity": "sha1-PvqHMj67hj5mls67AILUj/PW96E="
    },
    "i18n-iso-countries": {
      "version": "6.4.0",
      "resolved": "https://registry.npmjs.org/i18n-iso-countries/-/i18n-iso-countries-6.4.0.tgz",
      "integrity": "sha512-OTDUJq0OqCP+rXnWksTbMDsTE3ZGj92h8GCqIxxZM0eNtdkLVgd5c27q6C6uaZQHy0H/Vskyyx9ieMBBJCMdPw==",
      "requires": {
        "diacritics": "1.3.0"
      }
    }
  }
}
